codeberg.org/reiver/go-accturi v0.0.0-20260228212744-2bfbf7eb4058 h1:UNYegyKArTTt5X5aTyDfLyHGnLhiuZlCQYCPLZIgNYw=
codeberg.org/reiver/go-accturi v0.0.0-20260228212744-2bfbf7eb4058/go.mod h1:OZ7chNN9ge70xMgYjNieM9ktiFrymgkVKL8MizxIbAQ=
codeberg.org/reiver/go-ansicolor v0.0.0-20251210134648-774252d78153 h1:/qSBaF4Djq1BHw+MxLbO9mCSFL+aYKkRcnXc3J9L5Bc=
codeberg.org/reiver/go-ansicolor v0.0.0-20251210134648-774252d78153/go.mod h1:AVMt1Ycjgd1219qBwA/+WtsI862FEQWAj7x3tfSE6WQ=
codeberg.org/reiver/go-ascii v0.0.0-20250831011101-29ac37bfb987 h1:8f7cz3PdXP+F2AVqYcWnodS3PPG2gEFvuJ4wPj1kv4s=
codeberg.org/reiver/go-ascii v0.0.0-20250831011101-29ac37bfb987/go.mod h1:GuoN8yLT3H0D+0rswq8A+6sQF99w/HvueBMU3n4IPk4=
codeberg.org/reiver/go-asns v0.0.0-20260309052603-487c8dcf3fd8 h1:CBDIfq6W8zXjdjXShN9Sy1R3i7qAidGx2fLbRqhmgLE=
codeberg.org/reiver/go-asns v0.0.0-20260309052603-487c8dcf3fd8/go.mod h1:k3YgZKWRlGm06ryXuMVhWRRBsziw2x2nCDpCEZUfUdc=
codeberg.org/reiver/go-env v0.0.0-20260226035230-655ebf3f05e0 h1:kKkVvHj99cPclcvp3Sr+drtZ3G8tvyAOkflNlp+ykjU=
codeberg.org/reiver/go-env v0.0.0-20260226035230-655ebf3f05e0/go.mod h1:hLLtifoqWR4tgU7KFzPXKuRiuHxyJHNRdHyDvK1tYac=
codeberg.org/reiver/go-erorr v0.0.0-20260103001947-b254c409f0ce h1:w6RVDeJJWh0aGD6eSGNEggX8EgCDQDFiJWdxxtH7h90=
codeberg.org/reiver/go-erorr v0.0.0-20260103001947-b254c409f0ce/go.mod h1:JK+FexydwPFzMe6od9T7LAM/SjXxjsbxOP0VHUVJ1VM=
codeberg.org/reiver/go-field v0.0.0-20260227064035-785b2523cffa h1:p1Aa9JSIjtsQ2VRS+qZIHffeLATE6kIpoZ9rEknhx4Q=
codeberg.org/reiver/go-field v0.0.0-20260227064035-785b2523cffa/go.mod h1:752EzuARz/8LnYzfPcxBFIIKstqok9fyTUmi5qnjn+Q=
codeberg.org/reiver/go-httpsse v0.0.0-20250904033245-66e425bb7ac5 h1:GEgwT7M0xe+41wbsXUoywlzmlgJFVQtpQuCMdocRVNc=
codeberg.org/reiver/go-httpsse v0.0.0-20250904033245-66e425bb7ac5/go.mod h1:z6FkYYujWC2bMrD+0ovNhb8RIwbokwcpgrIobf7UE3c=
codeberg.org/reiver/go-log v0.0.0-20260227064209-50f2d4a70ab8 h1:h/+VrrpqO6lbjZY7Q34Olu0jYOLp6/ZBGYPMjwq7cm8=
codeberg.org/reiver/go-log v0.0.0-20260227064209-50f2d4a70ab8/go.mod h1:J5yTeBlONWOaR1QtXuDtigoQjIS9hOnhWZh5IVaP/oY=
codeberg.org/reiver/go-plan v0.0.0-20251205233422-898ceb8a386b h1:ypmc96LG9M70ZeU967BeIGD2vsExB8NeF0+fvUm0P0s=
codeberg.org/reiver/go-plan v0.0.0-20251205233422-898ceb8a386b/go.mod h1:tB4bTAecrAUS1W1RgfxBNtDrtp/aAlH+7u8peTLZ/kA=
codeberg.org/reiver/go-strparse v0.0.0-20260226035126-c2b1dcc485cc h1:Wnf49832CEMJTWJFAOVmMFA37ps2bZD6FqHJRvtsSlI=
codeberg.org/reiver/go-strparse v0.0.0-20260226035126-c2b1dcc485cc/go.mod h1:CpECZtrSEzBBXUa0yyIgFp82hqkBHeUV9qr7VAvy1Mk=
codeberg.org/reiver/go-webfinger v0.0.0-20250820134928-2b92f35f4d2e h1:TV8/EImwUwvz/GO4JMkNW6EU9W+EUXYnsT/bHkSymIs=
codeberg.org/reiver/go-webfinger v0.0.0-20250820134928-2b92f35f4d2e/go.mod h1:8PaQQNN/6lFIMAWrbx6p46IuuARW3dCX+VZl9IGNIAo=
github.com/ClickHouse/ch-go v0.71.0 h1:bUdZ/EZj/LcVHsMqaRUP2holqygrPWQKeMjc6nZoyRM=
github.com/ClickHouse/ch-go v0.71.0/go.mod h1:NwbNc+7jaqfY58dmdDUbG4Jl22vThgx1cYjBw0vtgXw=
github.com/ClickHouse/clickhouse-go/v2 v2.43.0 h1:fUR05TrF1GyvLDa/mAQjkx7KbgwdLRffs2n9O3WobtE=
github.com/ClickHouse/clickhouse-go/v2 v2.43.0/go.mod h1:o6jf7JM/zveWC/PP277BLxjHy5KjnGX/jfljhM4s34g=
github.com/andybalholm/brotli v1.2.0 h1:ukwgCxwYrmACq68yiUqwIWnGY0cTPox/M94sVwToPjQ=
github.com/andybalholm/brotli v1.2.0/go.mod h1:rzTDkvFWvIrjDXZHkuS16NPggd91W3kUSvPlQ1pLaKY=
github.com/cespare/xxhash/v2 v2.3.0 h1:UL815xU9SqsFlibzuggzjXhog7bL6oX9BbNZnL2UFvs=
github.com/cespare/xxhash/v2 v2.3.0/go.mod h1:VGX0DQ3Q6kWi7AoAeZDth3/j3BFtOZR5XLFGgcrjCOs=
github.com/davecgh/go-spew v1.1.0/go.mod h1:J7Y8YcW2NihsgmVo/mv3lAwl/skON4iLHjSsI+c5H38=
github.com/davecgh/go-spew v1.1.1 h1:vj9j/u1bqnvCEfJOwUhtlOARqs3+rkHYY13jYWTU97c=
github.com/davecgh/go-spew v1.1.1/go.mod h1:J7Y8YcW2NihsgmVo/mv3lAwl/skON4iLHjSsI+c5H38=
github.com/fatih/structs v1.1.0 h1:Q7juDM0QtcnhCpeyLGQKyg4TOIghuNXrkL32pHAUMxo=
github.com/fatih/structs v1.1.0/go.mod h1:9NiDSp5zOcgEDl+j00MP/WkGVPOlPRLejGD8Ga6PJ7M=
github.com/go-faster/city v1.0.1 h1:4WAxSZ3V2Ws4QRDrscLEDcibJY8uf41H6AhXDrNDcGw=
github.com/go-faster/city v1.0.1/go.mod h1:jKcUJId49qdW3L1qKHH/3wPeUstCVpVSXTM6vO3VcTw=
github.com/go-faster/errors v0.7.1 h1:MkJTnDoEdi9pDabt1dpWf7AA8/BaSYZqibYyhZ20AYg=
github.com/go-faster/errors v0.7.1/go.mod h1:5ySTjWFiphBs07IKuiL69nxdfd5+fzh1u7FPGZP2quo=
github.com/gogo/protobuf v1.3.2/go.mod h1:P1XiOD3dCwIKUDQYPy72D8LYyHL2YPYrpS2s69NZV8Q=
github.com/golang/protobuf v1.5.0/go.mod h1:FsONVRAS9T7sI+LIUmWTfcYkHO4aIWwzhcaSAoJOfIk=
github.com/golang/snappy v0.0.1/go.mod h1:/XxbfmMg8lxefKM7IXC3fBNl/7bRcc72aCRzEWrmP2Q=
github.com/google/go-cmp v0.5.2/go.mod h1:v8dTdLbMG2kIc/vJvl+f65V22dbkXbowE6jgT/gNBxE=
github.com/google/go-cmp v0.5.5/go.mod h1:v8dTdLbMG2kIc/vJvl+f65V22dbkXbowE6jgT/gNBxE=
github.com/google/go-cmp v0.7.0 h1:wk8382ETsv4JYUZwIsn6YpYiWiBsYLSJiTsyBybVuN8=
github.com/google/go-cmp v0.7.0/go.mod h1:pXiqmnSA92OHEEa9HXL2W4E7lf9JzCmGVUdgjX3N/iU=
github.com/google/uuid v1.6.0 h1:NIvaJDMOsjHA8n1jAhLSgzrAzy1Hgr+hNrb57e+94F0=
github.com/google/uuid v1.6.0/go.mod h1:TIyPZe4MgqvfeYDBFedMoGGpEw/LqOeaOT+nhxU+yHo=
github.com/kisielk/errcheck v1.5.0/go.mod h1:pFxgyoBC7bSaBwPgfKdkLd5X25qrDl4LWUI2bnpBCr8=
github.com/kisielk/gotool v1.0.0/go.mod h1:XhKaO+MFFWcvkIS/tQcRk01m1F5IRFswLeQ+oQHNcck=
github.com/klauspost/compress v1.13.6/go.mod h1:/3/Vjq9QcHkK5uEr5lBEmyoZ1iFhe47etQ6QUkpK6sk=
github.com/klauspost/compress v1.18.3 h1:9PJRvfbmTabkOX8moIpXPbMMbYN60bWImDDU7L+/6zw=
github.com/klauspost/compress v1.18.3/go.mod h1:R0h/fSBs8DE4ENlcrlib3PsXS61voFxhIs2DeRhCvJ4=
github.com/kr/pretty v0.1.0 h1:L/CwN0zerZDmRFUapSPitk6f+Q3+0za1rQkzVuMiMFI=
github.com/kr/pretty v0.1.0/go.mod h1:dAy3ld7l9f0ibDNOQOHHMYYIIbhfbHSm3C4ZsoJORNo=
github.com/kr/pty v1.1.1/go.mod h1:pFQYn66WHrOpPYNljwOMqo10TkYh1fy3cYio2l3bCsQ=
github.com/kr/text v0.1.0/go.mod h1:4Jbv+DJW3UT/LiOwJeYQe1efqtUx/iVham/4vfdArNI=
github.com/kr/text v0.2.0 h1:5Nx0Ya0ZqY2ygV366QzturHI13Jq95ApcVaJBhpS+AY=
github.com/kr/text v0.2.0/go.mod h1:eLer722TekiGuMkidMxC/pM04lWEeraHUUmBw8l2grE=
github.com/montanaflynn/stats v0.0.0-20171201202039-1bf9dbcd8cbe/go.mod h1:wL8QJuTMNUDYhXwkmfOly8iTdp5TEcJFWZD2D7SIkUc=
github.com/paulmach/orb v0.12.0 h1:z+zOwjmG3MyEEqzv92UN49Lg1JFYx0L9GpGKNVDKk1s=
github.com/paulmach/orb v0.12.0/go.mod h1:5mULz1xQfs3bmQm63QEJA6lNGujuRafwA5S/EnuLaLU=
github.com/paulmach/protoscan v0.2.1/go.mod h1:SpcSwydNLrxUGSDvXvO0P7g7AuhJ7lcKfDlhJCDw2gY=
github.com/pierrec/lz4/v4 v4.1.25 h1:kocOqRffaIbU5djlIBr7Wh+cx82C0vtFb0fOurZHqD0=
github.com/pierrec/lz4/v4 v4.1.25/go.mod h1:EoQMVJgeeEOMsCqCzqFm2O0cJvljX2nGZjcRIPL34O4=
github.com/pkg/errors v0.9.1/go.mod h1:bwawxfHBFNV+L2hUp1rHADufV3IMtnDRdf1r5NINEl0=
github.com/pmezard/go-difflib v1.0.0 h1:4DBwDE0NGyQoBHbLQYPwSUPoCMWR5BEzIk/f1lZbAQM=
github.com/pmezard/go-difflib v1.0.0/go.mod h1:iKH77koFhYxTK1pcRnkKkqfTogsbg7gZNVY4sRDYZ/4=
github.com/reiver/go-ascii v0.0.0-20241231150941-77b5f046e732 h1:ZuWdUYMnbfBtCN/FpAPceMw1kNYNH1eGslBFmqMLTMc=
github.com/reiver/go-ascii v0.0.0-20241231150941-77b5f046e732/go.mod h1:f43/Y1zpLvqorZN0BelarPzO2GrotAQrBy3T08NUSTM=
github.com/reiver/go-calltrace v0.0.0-20251217043535-394ea5ae65a7 h1:cSr7m4h5CBJCjUp+LEzvTJUXoiE9/2ce6Cl7/y2sfWg=
github.com/reiver/go-calltrace v0.0.0-20251217043535-394ea5ae65a7/go.mod h1:b9j4dbN++ed+soAS/+wSCZ+OsZSm3CWiuzxps8nzkew=
github.com/reiver/go-erorr v0.0.0-20240801233437-8cbde6d1fa3f h1:D1QSxKHm8U73XhjsW3SFLkT0zT5pKJi+1KGboMhY1Rk=
github.com/reiver/go-erorr v0.0.0-20240801233437-8cbde6d1fa3f/go.mod h1:F0HbBf+Ak2ZlE8YkDW4Y+KxaUmT0KaaIJK6CXY3cJxE=
github.com/reiver/go-errhttp v1.1.1-0.20240827033330-e4ea888843cc h1:mNFBGeNf9548+jBdaznubw4oyDC9hJOFTDajP72152Y=
github.com/reiver/go-errhttp v1.1.1-0.20240827033330-e4ea888843cc/go.mod h1:J55rONfn+39379roH0KxMCGv6w9ifhZIoSKaVswRUDk=
github.com/reiver/go-etag v0.0.0-20250903181826-2dad0e6b76a9 h1:EZdzJ+otVPdMVUFAkcWpjEw8KzZ3TxD2OWrr3A5rKhE=
github.com/reiver/go-etag v0.0.0-20250903181826-2dad0e6b76a9/go.mod h1:TGoPFV3b4+PE2rF27XiFZLu6dg4faIEx7AUITCKyj4c=
github.com/reiver/go-http404 v0.0.0-20260303090244-0bf7e6f73f9f h1:vX9E4EEW0uiQQ7uev8kaeYfBVIfR0UQn/Ufnc4SLzzg=
github.com/reiver/go-http404 v0.0.0-20260303090244-0bf7e6f73f9f/go.mod h1:H6Q0pQqL16BgZfROmVfcpQ0jZNacKv1SqS4BqTkQbg8=
github.com/reiver/go-http500 v0.0.0-20250531141625-af98f83e19aa h1:Yp7SqcNvVj/EEKlI8oICuz67N4gAlV3ImBec3WOjx8U=
github.com/reiver/go-http500 v0.0.0-20250531141625-af98f83e19aa/go.mod h1:sfnQu2KzK8rGH8aBqBP/gW/guYrHUzol86ZsHHFwDeo=
github.com/reiver/go-iri v0.0.0-20260228082703-3742ee4a9c2d h1:RxTcZDLI+ZlUueejHSS2OqeDGdh0nPGFnAYPbQ4vc+o=
github.com/reiver/go-iri v0.0.0-20260228082703-3742ee4a9c2d/go.mod h1:mM9LQt4jhnXv3bh1FxLrngPWBaXH4TyDdkl2lOi5Nsw=
github.com/reiver/go-json v0.0.0-20260306160333-8285682dd9de h1:iv1rtb5PoQn8L9GCMoOwI4YfS+qlXoI5+Kt+qaRjrB4=
github.com/reiver/go-json v0.0.0-20260306160333-8285682dd9de/go.mod h1:W3mWb+di0CJG8fHj00nBnWFRmg42kNheXO3KhHroFKU=
github.com/reiver/go-jsonint v0.0.0-20260305120820-b845121c98e8 h1:8RGUqZEHpJ2yJT+Lm8FLLE420PywRsU2JCtxGgwyYUU=
github.com/reiver/go-jsonint v0.0.0-20260305120820-b845121c98e8/go.mod h1:8UQW6dX7Z/WeikMUrBtDWYhRgQOI/0BZrbK8txvli5k=
github.com/reiver/go-jsonld v0.0.0-20250611053742-8fec84a9f5f8 h1:eYGdUVK/VsL7Ikq039eRdAeqdpC7mERniOC/CL3fFlA=
github.com/reiver/go-jsonld v0.0.0-20250611053742-8fec84a9f5f8/go.mod h1:tXqiloQUwUx0JQo4igLaXNAErfDuT+ZtWzMp0Zgc5dg=
github.com/reiver/go-jsonpp v0.0.0-20240802002345-16cd4c5a34ee h1:KhA+fe6qjEw6ZbN3vjPICGL0NqR+rghYre4SQB0WWVs=
github.com/reiver/go-jsonpp v0.0.0-20240802002345-16cd4c5a34ee/go.mod h1:iubeYYU+lR1wqKssI6Sz1DK/Aw/N/qmRcam0wf8hYIs=
github.com/reiver/go-jsonstr v0.0.0-20240802000653-a5a8363975f1 h1:32ulBfhFKQIaRMuwCo2vi7FLOphgyKTZzJIk+LWmMOE=
github.com/reiver/go-jsonstr v0.0.0-20240802000653-a5a8363975f1/go.mod h1:/msMJNY8TjDYgO/h06wEuzTWGs1b37xbUo8FH/2aZqQ=
github.com/reiver/go-lck v0.0.0-20250904175207-b06db1642fd1 h1:Kt9vEC3yN6itN4LhZFmjKAG23G7a1exp81HIhHIRMc8=
github.com/reiver/go-lck v0.0.0-20250904175207-b06db1642fd1/go.mod h1:PFseSi8S0CBkc+YB6jYWtogPk83LumclnYJZZBQJJhs=
github.com/reiver/go-mstdn v0.0.0-20260309053617-7b09691f206c h1:lr178D41zkOGnc3QkrgIYuXW2i3gsspFuHShZ8LrTsU=
github.com/reiver/go-mstdn v0.0.0-20260309053617-7b09691f206c/go.mod h1:teAHvkmpEVZruYrTVRthUiltVcgx8GtUkbkHMUkR4sg=
github.com/reiver/go-nul v0.0.0-20260309043606-3c1893100dc2 h1:lHJTg2gM0mkPmS/dEwMNEhWsKhtDTrLEMQCwlvZLvuE=
github.com/reiver/go-nul v0.0.0-20260309043606-3c1893100dc2/go.mod h1:MF52Ubf46GDzATZlcjh/rGpVfv700Jt7XX5W0WHle30=
github.com/reiver/go-opt v0.0.0-20240809035328-1ff08dec9bc4 h1:KQ/PDBRaJb69hmMmOs/jM8q679y9v51lY7tjX2FUkog=
github.com/reiver/go-opt v0.0.0-20240809035328-1ff08dec9bc4/go.mod h1:3lRqhDIwZ4OaMNN6Z5rmHCX8up18IkLGuw2rxP9GrYo=
github.com/reiver/go-path v0.0.0-20240327181650-5f2ee05890d8 h1:8JFCnRV4GVjP8XUFuXvCH42o4fXHSkGcUkfsloB+LeY=
github.com/reiver/go-path v0.0.0-20240327181650-5f2ee05890d8/go.mod h1:4H3fxXTRSuvWviraF1tFTVXhRciV8KFGq5tzo1gb2Tk=
github.com/reiver/go-pathmatch v1.0.1-0.20240802004530-0dc31d85afa8 h1:3mxWa4FELLc6TbC00ZZTe30tYUZ8HN4IHaH0m7Y3SPc=
github.com/reiver/go-pathmatch v1.0.1-0.20240802004530-0dc31d85afa8/go.mod h1:SveMAOrJP7XCL3UlazOjQdKNCGG2T/E1zE6gDHfs3cA=
github.com/reiver/go-pathmux v0.0.0-20260303220105-af405f418851 h1:tiPliGFC8ys1X9vqTTOmn90Rr6c2V6GhXNL3JBHkxKs=
github.com/reiver/go-pathmux v0.0.0-20260303220105-af405f418851/go.mod h1:skftYndyTOU0cNVp491NSoiBJj96eABC2i8ipPVqRYU=
github.com/reiver/go-rfc2234 v0.0.0-20240824134608-874192441e79 h1:DRNqoxS6b5TLHKjX5hE6PSL2b0GqlMiw5Vh4ct7oIYs=
github.com/reiver/go-rfc2234 v0.0.0-20240824134608-874192441e79/go.mod h1:ukK719h1pqMMWmCcBwHnBCcY2lRYnnBpWljt3Ek4QDs=
github.com/reiver/go-rfc3986 v0.0.0-20250715210429-fb2d5b78e44d h1:PqUUSx1GB5m16w96AI4C29Rz4n4vXk4N+Dr45Hqs1UM=
github.com/reiver/go-rfc3986 v0.0.0-20250715210429-fb2d5b78e44d/go.mod h1:1s1+oVUwlf9YR6OBviKPzdu7u8teovIQA84fn2gM4/s=
github.com/reiver/go-tootns v0.0.0-20250208194004-a1e2b1b3b78f h1:sC6y3ppnTNtMGGaDsa95V2lljP24yI1zNfMIaK5p1uc=
github.com/reiver/go-tootns v0.0.0-20250208194004-a1e2b1b3b78f/go.mod h1:7jt8Ng52bHOjBi34/RFLOeUacdfgv/GeFN0v4IcvNag=
github.com/reiver/go-utf8 v2.0.2-0.20240806185936-5dd7c5557d34+incompatible h1:Ewax9SN/f+OibeHNDBPI2lsf1t17YRBvKDA4X7CU4vA=
github.com/reiver/go-utf8 v2.0.2-0.20240806185936-5dd7c5557d34+incompatible/go.mod h1:tfGntNDUeEZIAsz0mTu0lF7/IlErc+BpQgO6yxYmJig=
github.com/segmentio/asm v1.2.1 h1:DTNbBqs57ioxAD4PrArqftgypG4/qNpXoJx8TVXxPR0=
github.com/segmentio/asm v1.2.1/go.mod h1:BqMnlJP91P8d+4ibuonYZw9mfnzI9HfxselHZr5aAcs=
github.com/shopspring/decimal v1.4.0 h1:bxl37RwXBklmTi0C79JfXCEBD1cqqHt0bbgBAGFp81k=
github.com/shopspring/decimal v1.4.0/go.mod h1:gawqmDU56v4yIKSwfBSFip1HdCCXN8/+DMd9qYNcwME=
github.com/stretchr/objx v0.1.0/go.mod h1:HFkY916IF+rwdDfMAkV7OtwuqBVzrE8GR6GFx+wExME=
github.com/stretchr/testify v1.6.1/go.mod h1:6Fq8oRcR53rry900zMqJjRRixrwX3KX962/h/Wwjteg=
github.com/stretchr/testify v1.11.1 h1:7s2iGBzp5EwR7/aIZr8ao5+dra3wiQyKjjFuvgVKu7U=
github.com/stretchr/testify v1.11.1/go.mod h1:wZwfW3scLgRK+23gO65QZefKpKQRnfz6sD981Nm4B6U=
github.com/tidwall/pretty v1.0.0/go.mod h1:XNkn88O1ChpSDQmQeStsy+sBenx6DDtFZJxhVysOjyk=
github.com/xdg-go/pbkdf2 v1.0.0/go.mod h1:jrpuAogTd400dnrH08LKmI/xc1MbPOebTwRqcT5RDeI=
github.com/xdg-go/scram v1.1.1/go.mod h1:RaEWvsqvNKKvBPvcKeFjrG2cJqOkHTiyTpzz23ni57g=
github.com/xdg-go/stringprep v1.0.3/go.mod h1:W3f5j4i+9rC0kuIEJL0ky1VpHXQU3ocBgklLGvcBnW8=
github.com/xyproto/randomstring v1.0.5 h1:YtlWPoRdgMu3NZtP45drfy1GKoojuR7hmRcnhZqKjWU=
github.com/xyproto/randomstring v1.0.5/go.mod h1:rgmS5DeNXLivK7YprL0pY+lTuhNQW3iGxZ18UQApw/E=
github.com/youmark/pkcs8 v0.0.0-20181117223130-1be2e3e5546d/go.mod h1:rHwXgn7JulP+udvsHwJoVG1YGAP6VLg4y9I5dyZdqmA=
github.com/yuin/goldmark v1.1.27/go.mod h1:3hX8gzYuyVAZsxl0MRgGTJEmQBFcNTphYh9decYSb74=
github.com/yuin/goldmark v1.2.1/go.mod h1:3hX8gzYuyVAZsxl0MRgGTJEmQBFcNTphYh9decYSb74=
go.mongodb.org/mongo-driver v1.11.4/go.mod h1:PTSz5yu21bkT/wXpkS7WR5f0ddqw5quethTUn9WM+2g=
go.opentelemetry.io/otel v1.39.0 h1:8yPrr/S0ND9QEfTfdP9V+SiwT4E0G7Y5MO7p85nis48=
go.opentelemetry.io/otel v1.39.0/go.mod h1:kLlFTywNWrFyEdH0oj2xK0bFYZtHRYUdv1NklR/tgc8=
go.opentelemetry.io/otel/trace v1.39.0 h1:2d2vfpEDmCJ5zVYz7ijaJdOF59xLomrvj7bjt6/qCJI=
go.opentelemetry.io/otel/trace v1.39.0/go.mod h1:88w4/PnZSazkGzz/w84VHpQafiU4EtqqlVdxWy+rNOA=
go.yaml.in/yaml/v3 v3.0.4 h1:tfq32ie2Jv2UxXFdLJdh3jXuOzWiL1fo0bu/FbuKpbc=
go.yaml.in/yaml/v3 v3.0.4/go.mod h1:DhzuOOF2ATzADvBadXxruRBLzYTpT36CKvDb3+aBEFg=
golang.org/x/crypto v0.0.0-20190308221718-c2843e01d9a2/go.mod h1:djNgcEr1/C05ACkg1iLfiJU5Ep61QUkGW8qpdssI0+w=
golang.org/x/crypto v0.0.0-20191011191535-87dc89f01550/go.mod h1:yigFU9vqHzYiE8UmvKecakEJjdnWj3jj499lnFckfCI=
golang.org/x/crypto v0.0.0-20200622213623-75b288015ac9/go.mod h1:LzIPMQfyMNhhGPhUkYOs5KpL4U8rLKemX1yGLhDgUto=
golang.org/x/crypto v0.0.0-20220622213112-05595931fe9d/go.mod h1:IxCIyHEi3zRg3s0A5j5BB6A9Jmi73HwBIUl50j+osU4=
golang.org/x/exp v0.0.0-20251125195548-87e1e737ad39 h1:DHNhtq3sNNzrvduZZIiFyXWOL9IWaDPHqTnLJp+rCBY=
golang.org/x/exp v0.0.0-20251125195548-87e1e737ad39/go.mod h1:46edojNIoXTNOhySWIWdix628clX9ODXwPsQuG6hsK0=
golang.org/x/mod v0.2.0/go.mod h1:s0Qsj1ACt9ePp/hMypM3fl4fZqREWJwdYDEqhRiZZUA=
golang.org/x/mod v0.3.0/go.mod h1:s0Qsj1ACt9ePp/hMypM3fl4fZqREWJwdYDEqhRiZZUA=
golang.org/x/net v0.0.0-20190404232315-eb5bcb51f2a3/go.mod h1:t9HGtf8HONx5eT2rtn7q6eTqICYqUVnKs3thJo3Qplg=
golang.org/x/net v0.0.0-20190620200207-3b0461eec859/go.mod h1:z5CRVTTTmAJ677TzLLGU+0bjPO0LkuOLi4/5GtJWs/s=
golang.org/x/net v0.0.0-20200226121028-0de0cce0169b/go.mod h1:z5CRVTTTmAJ677TzLLGU+0bjPO0LkuOLi4/5GtJWs/s=
golang.org/x/net v0.0.0-20201021035429-f5854403a974/go.mod h1:sp8m0HH+o8qH0wwXwYZr8TS3Oi6o0r6Gce1SSxlDquU=
golang.org/x/net v0.0.0-20211112202133-69e39bad7dc2/go.mod h1:9nx3DQGgdP8bBQD5qxJ1jj9UTztislL4KSBs9R2vV5Y=
golang.org/x/net v0.51.0 h1:94R/GTO7mt3/4wIKpcR5gkGmRLOuE/2hNGeWq/GBIFo=
golang.org/x/net v0.51.0/go.mod h1:aamm+2QF5ogm02fjy5Bb7CQ0WMt1/WVM7FtyaTLlA9Y=
golang.org/x/sync v0.0.0-20190423024810-112230192c58/go.mod h1:RxMgew5VJxzue5/jJTE5uejpjVlOe/izrB70Jof72aM=
golang.org/x/sync v0.0.0-20190911185100-cd5d95a43a6e/go.mod h1:RxMgew5VJxzue5/jJTE5uejpjVlOe/izrB70Jof72aM=
golang.org/x/sync v0.0.0-20201020160332-67f06af15bc9/go.mod h1:RxMgew5VJxzue5/jJTE5uejpjVlOe/izrB70Jof72aM=
golang.org/x/sync v0.0.0-20210220032951-036812b2e83c/go.mod h1:RxMgew5VJxzue5/jJTE5uejpjVlOe/izrB70Jof72aM=
golang.org/x/sys v0.0.0-20190215142949-d0b11bdaac8a/go.mod h1:STP8DvDyc/dI5b8T5hshtkjS+E42TnysNCUPdjciGhY=
golang.org/x/sys v0.0.0-20190412213103-97732733099d/go.mod h1:h1NjWce9XRLGQEsW7wpKNCjG9DtNlClVuFLEZdDNbEs=
golang.org/x/sys v0.0.0-20200930185726-fdedc70b468f/go.mod h1:h1NjWce9XRLGQEsW7wpKNCjG9DtNlClVuFLEZdDNbEs=
golang.org/x/sys v0.0.0-20201119102817-f84b799fce68/go.mod h1:h1NjWce9XRLGQEsW7wpKNCjG9DtNlClVuFLEZdDNbEs=
golang.org/x/sys v0.0.0-20210423082822-04245dca01da/go.mod h1:h1NjWce9XRLGQEsW7wpKNCjG9DtNlClVuFLEZdDNbEs=
golang.org/x/sys v0.0.0-20210615035016-665e8c7367d1/go.mod h1:oPkhp1MJrh7nUepCBck5+mAzfO9JrbApNNgaTdGDITg=
golang.org/x/sys v0.41.0 h1:Ivj+2Cp/ylzLiEU89QhWblYnOE9zerudt9Ftecq2C6k=
golang.org/x/sys v0.41.0/go.mod h1:OgkHotnGiDImocRcuBABYBEXf8A9a87e/uXjp9XT3ks=
golang.org/x/term v0.0.0-20201126162022-7de9c90e9dd1/go.mod h1:bj7SfCRtBDWHUb9snDiAeCFNEtKQo2Wmx5Cou7ajbmo=
golang.org/x/text v0.3.0/go.mod h1:NqM8EUOU14njkJ3fqMW+pc6Ldnwhi/IjpwHt7yyuwOQ=
golang.org/x/text v0.3.3/go.mod h1:5Zoc/QRtKVWzQhOtBMvqHzDpF6irO9z98xDceosuGiQ=
golang.org/x/text v0.3.6/go.mod h1:5Zoc/QRtKVWzQhOtBMvqHzDpF6irO9z98xDceosuGiQ=
golang.org/x/text v0.3.7/go.mod h1:u+2+/6zg+i71rQMx5EYifcz6MCKuco9NR6JIITiCfzQ=
golang.org/x/text v0.34.0 h1:oL/Qq0Kdaqxa1KbNeMKwQq0reLCCaFtqu2eNuSeNHbk=
golang.org/x/text v0.34.0/go.mod h1:homfLqTYRFyVYemLBFl5GgL/DWEiH5wcsQ5gSh1yziA=
golang.org/x/tools v0.0.0-20180917221912-90fa682c2a6e/go.mod h1:n7NCudcB/nEzxVGmLbDWY5pfWTLqBcC2KZ6jyYvM4mQ=
golang.org/x/tools v0.0.0-20191119224855-298f0cb1881e/go.mod h1:b+2E5dAYhXwXZwtnZ6UAqBI28+e2cm9otk0dWdXHAEo=
golang.org/x/tools v0.0.0-20200619180055-7c47624df98f/go.mod h1:EkVYQZoAsY45+roYkvgYkIh4xh/qjgUK9TdY2XT94GE=
golang.org/x/tools v0.0.0-20210106214847-113979e3529a/go.mod h1:emZCQorbCU4vsT4fOWvOPXz4eW1wZW4PmDk9uLelYpA=
golang.org/x/xerrors v0.0.0-20190717185122-a985d3407aa7/go.mod h1:I/5z698sn9Ka8TeJc9MKroUUfqBBauWjQqLJ2OPfmY0=
golang.org/x/xerrors v0.0.0-20191011141410-1b5146add898/go.mod h1:I/5z698sn9Ka8TeJc9MKroUUfqBBauWjQqLJ2OPfmY0=
golang.org/x/xerrors v0.0.0-20191204190536-9bdfabe68543/go.mod h1:I/5z698sn9Ka8TeJc9MKroUUfqBBauWjQqLJ2OPfmY0=
golang.org/x/xerrors v0.0.0-20200804184101-5ec99f83aff1/go.mod h1:I/5z698sn9Ka8TeJc9MKroUUfqBBauWjQqLJ2OPfmY0=
google.golang.org/protobuf v1.26.0-rc.1/go.mod h1:jlhhOSvTdKEhbULTjvd4ARK9grFBp09yW+WbY/TyQbw=
google.golang.org/protobuf v1.27.1/go.mod h1:9q0QmTI4eRPtz6boOQmLYwt+qCgq0jsYwAQnmE0givc=
gopkg.in/check.v1 v0.0.0-20161208181325-20d25e280405/go.mod h1:Co6ibVJAznAaIkqp8huTwlJQCZ016jof/cbN4VW5Yz0=
gopkg.in/check.v1 v1.0.0-20180628173108-788fd7840127 h1:qIbj1fsPNlZgppZ+VLlY7N33q108Sa+fhmuc+sWQYwY=
gopkg.in/check.v1 v1.0.0-20180628173108-788fd7840127/go.mod h1:Co6ibVJAznAaIkqp8huTwlJQCZ016jof/cbN4VW5Yz0=
gopkg.in/yaml.v3 v3.0.0-20200313102051-9f266ea9e77c/go.mod h1:K4uyk7z7BCEPqu6E+C64Yfv1cQ7kz7rIZviUmN+EgEM=
gopkg.in/yaml.v3 v3.0.1 h1:fxVm/GzAzEWqLHuvctI91KS9hhNmmWOoWu0XTYJS7CA=
gopkg.in/yaml.v3 v3.0.1/go.mod h1:K4uyk7z7BCEPqu6E+C64Yfv1cQ7kz7rIZviUmN+EgEM=
